
Microsoft Visual Studio Solution File, Format Version 12.00
# Visual Studio 15
VisualStudioVersion = 15.0.27130.2024
MinimumVisualStudioVersion = 10.0.40219.1
Project("{2150E333-8FDC-42A3-9474-1A3956D46DE8}") = "Shared", "Shared", "{C92A4A3D-57BC-4E6B-966A-47505C058366}"
EndProject
Project("{2150E333-8FDC-42A3-9474-1A3956D46DE8}") = "Apps", "Apps", "{14997F31-EDE3-4528-ACEA-4B60409E3993}"
EndProject
Project("{2150E333-8FDC-42A3-9474-1A3956D46DE8}") = "Persistence", "Persistence", "{CF018E25-C0A3-4622-8FF8-9123CF1D86D1}"
EndProject
Project("{2150E333-8FDC-42A3-9474-1A3956D46DE8}") = "Presentation", "Presentation", "{7114647D-B37F-4C96-A121-5552890DD91D}"
EndProject
Project("{2150E333-8FDC-42A3-9474-1A3956D46DE8}") = "Wallet", "Wallet", "{0E7B4DB4-114C-4F0B-9E0A-D588925A4EA4}"
EndProject
Project("{2150E333-8FDC-42A3-9474-1A3956D46DE8}") = "Merchant", "Merchant", "{C7AD75DE-AC2E-42B9-94E2-3003B0417936}"
EndProject
Project("{2150E333-8FDC-42A3-9474-1A3956D46DE8}") = "ControlPanel", "ControlPanel", "{3D1EB176-3489-4DF4-B762-BE777DED41EB}"
EndProject
Project("{9A19103F-16F7-4668-BE54-9A1E7A4F7556}") = "WalletAPI", "Presentation\WalletAPI\WalletAPI.csproj", "{489D4BF0-8EEB-4F38-8C24-9C36DFD17D0A}"
EndProject
Project("{9A19103F-16F7-4668-BE54-9A1E7A4F7556}") = "MerchantAPI", "Presentation\MerchantAPI\MerchantAPI.csproj", "{B5797EA7-74FF-4A81-8FD9-67C00F5783B7}"
EndProject
Project("{9A19103F-16F7-4668-BE54-9A1E7A4F7556}") = "ControlPanelAPI", "Presentation\ControlPanelAPI\ControlPanelAPI.csproj", "{A0853507-8675-4742-9CD3-A0C52AA4689B}"
EndProject
Project("{2150E333-8FDC-42A3-9474-1A3956D46DE8}") = "Tests", "Tests", "{5AADE04E-5D7A-4989-AD5F-3E1549B79516}"
EndProject
Project("{2150E333-8FDC-42A3-9474-1A3956D46DE8}") = "Presentation", "Presentation", "{EAB640B3-9B8A-4FF1-ACCA-740DFF39DB60}"
EndProject
Project("{2150E333-8FDC-42A3-9474-1A3956D46DE8}") = "Shared", "Shared", "{FB626158-509A-462D-A61B-D507B315924B}"
EndProject
Project("{9A19103F-16F7-4668-BE54-9A1E7A4F7556}") = "Common.Tests", "Tests\Shared\Common.Tests\Common.Tests.csproj", "{0699EE7B-57EE-48CE-B33E-D6049549374B}"
EndProject
Project("{9A19103F-16F7-4668-BE54-9A1E7A4F7556}") = "DataLayer", "Persistence\DataLayer\DataLayer.csproj", "{4CAABD10-599D-489C-B949-5B349A677C3F}"
EndProject
Project("{2150E333-8FDC-42A3-9474-1A3956D46DE8}") = "Pesistence", "Pesistence", "{B0B4D31B-F62C-4E39-9D86-428FBD59D5A3}"
EndProject
Project("{9A19103F-16F7-4668-BE54-9A1E7A4F7556}") = "DataLayer.Tests", "Tests\Persistence\DataLayer.Tests\DataLayer.Tests.csproj", "{0A545D8B-823F-49D8-83E6-34548D63B0F6}"
EndProject
Project("{FAE04EC0-301F-11D3-BF4B-00C04F79EFBC}") = "WalletAPI.Tests", "Tests\Presentation\WalletAPI.Tests\WalletAPI.Tests.csproj", "{7FE3CB28-EB20-408A-AB60-BD350215030A}"
EndProject
Project("{FAE04EC0-301F-11D3-BF4B-00C04F79EFBC}") = "MerchantAPI.Tests", "Tests\Presentation\MerchantAPI.Tests\MerchantAPI.Tests.csproj", "{CFC788A7-7A19-41D4-92D4-1A00CD8590AF}"
EndProject
Project("{FAE04EC0-301F-11D3-BF4B-00C04F79EFBC}") = "ControlPanelAPI.Tests", "Tests\Presentation\ControlPanelAPI.Tests\ControlPanelAPI.Tests.csproj", "{705395A0-133C-4B6D-9C34-26EFB3F1D1D5}"
EndProject
Project("{FAE04EC0-301F-11D3-BF4B-00C04F79EFBC}") = "ControlPanelAPI.Application", "Apps\ControlPanel\ControlPanel.Application\ControlPanelAPI.Application.csproj", "{F7B332BB-341E-4189-982A-F52CCFC7E043}"
EndProject
Project("{FAE04EC0-301F-11D3-BF4B-00C04F79EFBC}") = "ControlPanelAPI.Domain", "Apps\ControlPanel\ControlPanelAPI.Domain\ControlPanelAPI.Domain.csproj", "{9D19FB8F-DB59-4D35-AD5F-F656CA1774D9}"
EndProject
Project("{FAE04EC0-301F-11D3-BF4B-00C04F79EFBC}") = "MerchantAPI.Application", "Apps\Merchant\MerchantAPI.Application\MerchantAPI.Application.csproj", "{50994A18-1AA9-4CFB-BBED-61AAFB806631}"
EndProject
Project("{FAE04EC0-301F-11D3-BF4B-00C04F79EFBC}") = "WalletAPI.Application", "Apps\Wallet\WalletAPI.Application\WalletAPI.Application.csproj", "{25ECD17E-0058-4F0B-A8CC-D0BE420A359F}"
EndProject
Project("{FAE04EC0-301F-11D3-BF4B-00C04F79EFBC}") = "WalletAPI.Domain", "Apps\Wallet\WalletAPI.Domain\WalletAPI.Domain.csproj", "{A2E6990A-E8B2-4F47-B87E-2DB5E0F47B5F}"
EndProject
Project("{FAE04EC0-301F-11D3-BF4B-00C04F79EFBC}") = "MerchantAPI.Domain", "Apps\Merchant\MerchantAPI.Domain\MerchantAPI.Domain.csproj", "{15A3EC15-EBBA-4493-8426-435A9979B33B}"
EndProject
Project("{FAE04EC0-301F-11D3-BF4B-00C04F79EFBC}") = "Common", "Shared\Common\Common.csproj", "{2B1573B2-7AF6-4A87-B2D9-92DFCC325D53}"
EndProject
Project("{FAE04EC0-301F-11D3-BF4B-00C04F79EFBC}") = "Infrustructure", "Shared\Infrustructure\Infrustructure.csproj", "{93797251-95B3-45BB-B2CB-4FD35413A9A9}"
EndProject
Global
	GlobalSection(SolutionConfigurationPlatforms) = preSolution
		Debug|Any CPU = Debug|Any CPU
		Release|Any CPU = Release|Any CPU
	EndGlobalSection
	GlobalSection(ProjectConfigurationPlatforms) = postSolution
		{489D4BF0-8EEB-4F38-8C24-9C36DFD17D0A}.Debug|Any CPU.ActiveCfg = Debug|Any CPU
		{489D4BF0-8EEB-4F38-8C24-9C36DFD17D0A}.Debug|Any CPU.Build.0 = Debug|Any CPU
		{489D4BF0-8EEB-4F38-8C24-9C36DFD17D0A}.Release|Any CPU.ActiveCfg = Release|Any CPU
		{489D4BF0-8EEB-4F38-8C24-9C36DFD17D0A}.Release|Any CPU.Build.0 = Release|Any CPU
		{B5797EA7-74FF-4A81-8FD9-67C00F5783B7}.Debug|Any CPU.ActiveCfg = Debug|Any CPU
		{B5797EA7-74FF-4A81-8FD9-67C00F5783B7}.Debug|Any CPU.Build.0 = Debug|Any CPU
		{B5797EA7-74FF-4A81-8FD9-67C00F5783B7}.Release|Any CPU.ActiveCfg = Release|Any CPU
		{B5797EA7-74FF-4A81-8FD9-67C00F5783B7}.Release|Any CPU.Build.0 = Release|Any CPU
		{A0853507-8675-4742-9CD3-A0C52AA4689B}.Debug|Any CPU.ActiveCfg = Debug|Any CPU
		{A0853507-8675-4742-9CD3-A0C52AA4689B}.Debug|Any CPU.Build.0 = Debug|Any CPU
		{A0853507-8675-4742-9CD3-A0C52AA4689B}.Release|Any CPU.ActiveCfg = Release|Any CPU
		{A0853507-8675-4742-9CD3-A0C52AA4689B}.Release|Any CPU.Build.0 = Release|Any CPU
		{0699EE7B-57EE-48CE-B33E-D6049549374B}.Debug|Any CPU.ActiveCfg = Debug|Any CPU
		{0699EE7B-57EE-48CE-B33E-D6049549374B}.Debug|Any CPU.Build.0 = Debug|Any CPU
		{0699EE7B-57EE-48CE-B33E-D6049549374B}.Release|Any CPU.ActiveCfg = Release|Any CPU
		{0699EE7B-57EE-48CE-B33E-D6049549374B}.Release|Any CPU.Build.0 = Release|Any CPU
		{4CAABD10-599D-489C-B949-5B349A677C3F}.Debug|Any CPU.ActiveCfg = Debug|Any CPU
		{4CAABD10-599D-489C-B949-5B349A677C3F}.Debug|Any CPU.Build.0 = Debug|Any CPU
		{4CAABD10-599D-489C-B949-5B349A677C3F}.Release|Any CPU.ActiveCfg = Release|Any CPU
		{4CAABD10-599D-489C-B949-5B349A677C3F}.Release|Any CPU.Build.0 = Release|Any CPU
		{0A545D8B-823F-49D8-83E6-34548D63B0F6}.Debug|Any CPU.ActiveCfg = Debug|Any CPU
		{0A545D8B-823F-49D8-83E6-34548D63B0F6}.Debug|Any CPU.Build.0 = Debug|Any CPU
		{0A545D8B-823F-49D8-83E6-34548D63B0F6}.Release|Any CPU.ActiveCfg = Release|Any CPU
		{0A545D8B-823F-49D8-83E6-34548D63B0F6}.Release|Any CPU.Build.0 = Release|Any CPU
		{7FE3CB28-EB20-408A-AB60-BD350215030A}.Debug|Any CPU.ActiveCfg = Debug|Any CPU
		{7FE3CB28-EB20-408A-AB60-BD350215030A}.Debug|Any CPU.Build.0 = Debug|Any CPU
		{7FE3CB28-EB20-408A-AB60-BD350215030A}.Release|Any CPU.ActiveCfg = Release|Any CPU
		{7FE3CB28-EB20-408A-AB60-BD350215030A}.Release|Any CPU.Build.0 = Release|Any CPU
		{CFC788A7-7A19-41D4-92D4-1A00CD8590AF}.Debug|Any CPU.ActiveCfg = Debug|Any CPU
		{CFC788A7-7A19-41D4-92D4-1A00CD8590AF}.Debug|Any CPU.Build.0 = Debug|Any CPU
		{CFC788A7-7A19-41D4-92D4-1A00CD8590AF}.Release|Any CPU.ActiveCfg = Release|Any CPU
		{CFC788A7-7A19-41D4-92D4-1A00CD8590AF}.Release|Any CPU.Build.0 = Release|Any CPU
		{705395A0-133C-4B6D-9C34-26EFB3F1D1D5}.Debug|Any CPU.ActiveCfg = Debug|Any CPU
		{705395A0-133C-4B6D-9C34-26EFB3F1D1D5}.Debug|Any CPU.Build.0 = Debug|Any CPU
		{705395A0-133C-4B6D-9C34-26EFB3F1D1D5}.Release|Any CPU.ActiveCfg = Release|Any CPU
		{705395A0-133C-4B6D-9C34-26EFB3F1D1D5}.Release|Any CPU.Build.0 = Release|Any CPU
		{F7B332BB-341E-4189-982A-F52CCFC7E043}.Debug|Any CPU.ActiveCfg = Debug|Any CPU
		{F7B332BB-341E-4189-982A-F52CCFC7E043}.Debug|Any CPU.Build.0 = Debug|Any CPU
		{F7B332BB-341E-4189-982A-F52CCFC7E043}.Release|Any CPU.ActiveCfg = Release|Any CPU
		{F7B332BB-341E-4189-982A-F52CCFC7E043}.Release|Any CPU.Build.0 = Release|Any CPU
		{9D19FB8F-DB59-4D35-AD5F-F656CA1774D9}.Debug|Any CPU.ActiveCfg = Debug|Any CPU
		{9D19FB8F-DB59-4D35-AD5F-F656CA1774D9}.Debug|Any CPU.Build.0 = Debug|Any CPU
		{9D19FB8F-DB59-4D35-AD5F-F656CA1774D9}.Release|Any CPU.ActiveCfg = Release|Any CPU
		{9D19FB8F-DB59-4D35-AD5F-F656CA1774D9}.Release|Any CPU.Build.0 = Release|Any CPU
		{50994A18-1AA9-4CFB-BBED-61AAFB806631}.Debug|Any CPU.ActiveCfg = Debug|Any CPU
		{50994A18-1AA9-4CFB-BBED-61AAFB806631}.Debug|Any CPU.Build.0 = Debug|Any CPU
		{50994A18-1AA9-4CFB-BBED-61AAFB806631}.Release|Any CPU.ActiveCfg = Release|Any CPU
		{50994A18-1AA9-4CFB-BBED-61AAFB806631}.Release|Any CPU.Build.0 = Release|Any CPU
		{25ECD17E-0058-4F0B-A8CC-D0BE420A359F}.Debug|Any CPU.ActiveCfg = Debug|Any CPU
		{25ECD17E-0058-4F0B-A8CC-D0BE420A359F}.Debug|Any CPU.Build.0 = Debug|Any CPU
		{25ECD17E-0058-4F0B-A8CC-D0BE420A359F}.Release|Any CPU.ActiveCfg = Release|Any CPU
		{25ECD17E-0058-4F0B-A8CC-D0BE420A359F}.Release|Any CPU.Build.0 = Release|Any CPU
		{A2E6990A-E8B2-4F47-B87E-2DB5E0F47B5F}.Debug|Any CPU.ActiveCfg = Debug|Any CPU
		{A2E6990A-E8B2-4F47-B87E-2DB5E0F47B5F}.Debug|Any CPU.Build.0 = Debug|Any CPU
		{A2E6990A-E8B2-4F47-B87E-2DB5E0F47B5F}.Release|Any CPU.ActiveCfg = Release|Any CPU
		{A2E6990A-E8B2-4F47-B87E-2DB5E0F47B5F}.Release|Any CPU.Build.0 = Release|Any CPU
		{15A3EC15-EBBA-4493-8426-435A9979B33B}.Debug|Any CPU.ActiveCfg = Debug|Any CPU
		{15A3EC15-EBBA-4493-8426-435A9979B33B}.Debug|Any CPU.Build.0 = Debug|Any CPU
		{15A3EC15-EBBA-4493-8426-435A9979B33B}.Release|Any CPU.ActiveCfg = Release|Any CPU
		{15A3EC15-EBBA-4493-8426-435A9979B33B}.Release|Any CPU.Build.0 = Release|Any CPU
		{2B1573B2-7AF6-4A87-B2D9-92DFCC325D53}.Debug|Any CPU.ActiveCfg = Debug|Any CPU
		{2B1573B2-7AF6-4A87-B2D9-92DFCC325D53}.Debug|Any CPU.Build.0 = Debug|Any CPU
		{2B1573B2-7AF6-4A87-B2D9-92DFCC325D53}.Release|Any CPU.ActiveCfg = Release|Any CPU
		{2B1573B2-7AF6-4A87-B2D9-92DFCC325D53}.Release|Any CPU.Build.0 = Release|Any CPU
		{93797251-95B3-45BB-B2CB-4FD35413A9A9}.Debug|Any CPU.ActiveCfg = Debug|Any CPU
		{93797251-95B3-45BB-B2CB-4FD35413A9A9}.Debug|Any CPU.Build.0 = Debug|Any CPU
		{93797251-95B3-45BB-B2CB-4FD35413A9A9}.Release|Any CPU.ActiveCfg = Release|Any CPU
		{93797251-95B3-45BB-B2CB-4FD35413A9A9}.Release|Any CPU.Build.0 = Release|Any CPU
	EndGlobalSection
	GlobalSection(SolutionProperties) = preSolution
		HideSolutionNode = FALSE
	EndGlobalSection
	GlobalSection(NestedProjects) = preSolution
		{0E7B4DB4-114C-4F0B-9E0A-D588925A4EA4} = {14997F31-EDE3-4528-ACEA-4B60409E3993}
		{C7AD75DE-AC2E-42B9-94E2-3003B0417936} = {14997F31-EDE3-4528-ACEA-4B60409E3993}
		{3D1EB176-3489-4DF4-B762-BE777DED41EB} = {14997F31-EDE3-4528-ACEA-4B60409E3993}
		{489D4BF0-8EEB-4F38-8C24-9C36DFD17D0A} = {7114647D-B37F-4C96-A121-5552890DD91D}
		{B5797EA7-74FF-4A81-8FD9-67C00F5783B7} = {7114647D-B37F-4C96-A121-5552890DD91D}
		{A0853507-8675-4742-9CD3-A0C52AA4689B} = {7114647D-B37F-4C96-A121-5552890DD91D}
		{EAB640B3-9B8A-4FF1-ACCA-740DFF39DB60} = {5AADE04E-5D7A-4989-AD5F-3E1549B79516}
		{FB626158-509A-462D-A61B-D507B315924B} = {5AADE04E-5D7A-4989-AD5F-3E1549B79516}
		{0699EE7B-57EE-48CE-B33E-D6049549374B} = {FB626158-509A-462D-A61B-D507B315924B}
		{4CAABD10-599D-489C-B949-5B349A677C3F} = {CF018E25-C0A3-4622-8FF8-9123CF1D86D1}
		{B0B4D31B-F62C-4E39-9D86-428FBD59D5A3} = {5AADE04E-5D7A-4989-AD5F-3E1549B79516}
		{0A545D8B-823F-49D8-83E6-34548D63B0F6} = {B0B4D31B-F62C-4E39-9D86-428FBD59D5A3}
		{7FE3CB28-EB20-408A-AB60-BD350215030A} = {EAB640B3-9B8A-4FF1-ACCA-740DFF39DB60}
		{CFC788A7-7A19-41D4-92D4-1A00CD8590AF} = {EAB640B3-9B8A-4FF1-ACCA-740DFF39DB60}
		{705395A0-133C-4B6D-9C34-26EFB3F1D1D5} = {EAB640B3-9B8A-4FF1-ACCA-740DFF39DB60}
		{F7B332BB-341E-4189-982A-F52CCFC7E043} = {3D1EB176-3489-4DF4-B762-BE777DED41EB}
		{9D19FB8F-DB59-4D35-AD5F-F656CA1774D9} = {3D1EB176-3489-4DF4-B762-BE777DED41EB}
		{50994A18-1AA9-4CFB-BBED-61AAFB806631} = {C7AD75DE-AC2E-42B9-94E2-3003B0417936}
		{25ECD17E-0058-4F0B-A8CC-D0BE420A359F} = {0E7B4DB4-114C-4F0B-9E0A-D588925A4EA4}
		{A2E6990A-E8B2-4F47-B87E-2DB5E0F47B5F} = {0E7B4DB4-114C-4F0B-9E0A-D588925A4EA4}
		{15A3EC15-EBBA-4493-8426-435A9979B33B} = {C7AD75DE-AC2E-42B9-94E2-3003B0417936}
		{2B1573B2-7AF6-4A87-B2D9-92DFCC325D53} = {C92A4A3D-57BC-4E6B-966A-47505C058366}
		{93797251-95B3-45BB-B2CB-4FD35413A9A9} = {C92A4A3D-57BC-4E6B-966A-47505C058366}
	EndGlobalSection
	GlobalSection(ExtensibilityGlobals) = postSolution
		SolutionGuid = {2BA7DBA5-A4D4-401F-82F1-E9482A06C56C}
	EndGlobalSection
EndGlobal
