
Microsoft Visual Studio Solution File, Format Version 12.00
# Visual Studio 15
VisualStudioVersion = 15.0.27130.2024
MinimumVisualStudioVersion = 10.0.40219.1
Project("{2150E333-8FDC-42A3-9474-1A3956D46DE8}") = "NPDashboardAPI", "NPDashboardAPI", "{8645C28E-5482-4472-8869-AEB21523BF96}"
EndProject
Project("{2150E333-8FDC-42A3-9474-1A3956D46DE8}") = "Services", "Services", "{03D21F33-EFA4-466D-9E3A-AD108364ECDC}"
EndProject
Project("{2150E333-8FDC-42A3-9474-1A3956D46DE8}") = "SolutionDocs", "SolutionDocs", "{61B55D7D-F1EB-48CD-9FE6-0CBAE4EC55D4}"
EndProject
Project("{FAE04EC0-301F-11D3-BF4B-00C04F79EFBC}") = "NetPeyaCoreDocs", "SolutionDocs\NetPeyaCoreDocs\NetPeyaCoreDocs.csproj", "{FEBCF25C-899B-4408-8C3F-AEA5790C0E5E}"
EndProject
Project("{FAE04EC0-301F-11D3-BF4B-00C04F79EFBC}") = "NPWalletDashboardAPI", "NPDashboardAPI\NPWalletDashboardAPI\NPWalletDashboardAPI.csproj", "{0E07A4AD-28EC-45C2-8CDA-C48924DBAF00}"
EndProject
Project("{FAE04EC0-301F-11D3-BF4B-00C04F79EFBC}") = "NPMerchantDashboardAPI", "NPDashboardAPI\NPMerchantDashboardAPI\NPMerchantDashboardAPI.csproj", "{643726F7-32A0-4A5C-B80D-A8608B53A7BD}"
EndProject
Project("{FAE04EC0-301F-11D3-BF4B-00C04F79EFBC}") = "NPControlPanelDashboardAPI", "NPDashboardAPI\NPControlPanelDashboardAPI\NPControlPanelDashboardAPI.csproj", "{F9C63D9A-2996-40E8-AF56-1CCCD5C29552}"
EndProject
Project("{FAE04EC0-301F-11D3-BF4B-00C04F79EFBC}") = "NPPaymentGatewaySystem", "Services\NPPaymentGatewaySystem\NPPaymentGatewaySystem.csproj", "{D33111D9-2A77-4BC1-A78D-A043FD0289F5}"
EndProject
Project("{FAE04EC0-301F-11D3-BF4B-00C04F79EFBC}") = "NPSecurity", "Services\NPSecurity\NPSecurity.csproj", "{AA3E5F4C-A004-4B37-B483-02CA2318FE38}"
EndProject
Project("{FAE04EC0-301F-11D3-BF4B-00C04F79EFBC}") = "NPDatabaseConnector", "Services\NPDatabaseConnector\NPDatabaseConnector.csproj", "{F793013B-9D4D-422B-B127-55A8694B8DF2}"
EndProject
Global
	GlobalSection(SolutionConfigurationPlatforms) = preSolution
		Debug|Any CPU = Debug|Any CPU
		Release|Any CPU = Release|Any CPU
	EndGlobalSection
	GlobalSection(ProjectConfigurationPlatforms) = postSolution
		{FEBCF25C-899B-4408-8C3F-AEA5790C0E5E}.Debug|Any CPU.ActiveCfg = Debug|Any CPU
		{FEBCF25C-899B-4408-8C3F-AEA5790C0E5E}.Debug|Any CPU.Build.0 = Debug|Any CPU
		{FEBCF25C-899B-4408-8C3F-AEA5790C0E5E}.Release|Any CPU.ActiveCfg = Release|Any CPU
		{FEBCF25C-899B-4408-8C3F-AEA5790C0E5E}.Release|Any CPU.Build.0 = Release|Any CPU
		{0E07A4AD-28EC-45C2-8CDA-C48924DBAF00}.Debug|Any CPU.ActiveCfg = Debug|Any CPU
		{0E07A4AD-28EC-45C2-8CDA-C48924DBAF00}.Debug|Any CPU.Build.0 = Debug|Any CPU
		{0E07A4AD-28EC-45C2-8CDA-C48924DBAF00}.Release|Any CPU.ActiveCfg = Release|Any CPU
		{0E07A4AD-28EC-45C2-8CDA-C48924DBAF00}.Release|Any CPU.Build.0 = Release|Any CPU
		{643726F7-32A0-4A5C-B80D-A8608B53A7BD}.Debug|Any CPU.ActiveCfg = Debug|Any CPU
		{643726F7-32A0-4A5C-B80D-A8608B53A7BD}.Debug|Any CPU.Build.0 = Debug|Any CPU
		{643726F7-32A0-4A5C-B80D-A8608B53A7BD}.Release|Any CPU.ActiveCfg = Release|Any CPU
		{643726F7-32A0-4A5C-B80D-A8608B53A7BD}.Release|Any CPU.Build.0 = Release|Any CPU
		{F9C63D9A-2996-40E8-AF56-1CCCD5C29552}.Debug|Any CPU.ActiveCfg = Debug|Any CPU
		{F9C63D9A-2996-40E8-AF56-1CCCD5C29552}.Debug|Any CPU.Build.0 = Debug|Any CPU
		{F9C63D9A-2996-40E8-AF56-1CCCD5C29552}.Release|Any CPU.ActiveCfg = Release|Any CPU
		{F9C63D9A-2996-40E8-AF56-1CCCD5C29552}.Release|Any CPU.Build.0 = Release|Any CPU
		{D33111D9-2A77-4BC1-A78D-A043FD0289F5}.Debug|Any CPU.ActiveCfg = Debug|Any CPU
		{D33111D9-2A77-4BC1-A78D-A043FD0289F5}.Debug|Any CPU.Build.0 = Debug|Any CPU
		{D33111D9-2A77-4BC1-A78D-A043FD0289F5}.Release|Any CPU.ActiveCfg = Release|Any CPU
		{D33111D9-2A77-4BC1-A78D-A043FD0289F5}.Release|Any CPU.Build.0 = Release|Any CPU
		{AA3E5F4C-A004-4B37-B483-02CA2318FE38}.Debug|Any CPU.ActiveCfg = Debug|Any CPU
		{AA3E5F4C-A004-4B37-B483-02CA2318FE38}.Debug|Any CPU.Build.0 = Debug|Any CPU
		{AA3E5F4C-A004-4B37-B483-02CA2318FE38}.Release|Any CPU.ActiveCfg = Release|Any CPU
		{AA3E5F4C-A004-4B37-B483-02CA2318FE38}.Release|Any CPU.Build.0 = Release|Any CPU
		{F793013B-9D4D-422B-B127-55A8694B8DF2}.Debug|Any CPU.ActiveCfg = Debug|Any CPU
		{F793013B-9D4D-422B-B127-55A8694B8DF2}.Debug|Any CPU.Build.0 = Debug|Any CPU
		{F793013B-9D4D-422B-B127-55A8694B8DF2}.Release|Any CPU.ActiveCfg = Release|Any CPU
		{F793013B-9D4D-422B-B127-55A8694B8DF2}.Release|Any CPU.Build.0 = Release|Any CPU
	EndGlobalSection
	GlobalSection(SolutionProperties) = preSolution
		HideSolutionNode = FALSE
	EndGlobalSection
	GlobalSection(NestedProjects) = preSolution
		{FEBCF25C-899B-4408-8C3F-AEA5790C0E5E} = {61B55D7D-F1EB-48CD-9FE6-0CBAE4EC55D4}
		{0E07A4AD-28EC-45C2-8CDA-C48924DBAF00} = {8645C28E-5482-4472-8869-AEB21523BF96}
		{643726F7-32A0-4A5C-B80D-A8608B53A7BD} = {8645C28E-5482-4472-8869-AEB21523BF96}
		{F9C63D9A-2996-40E8-AF56-1CCCD5C29552} = {8645C28E-5482-4472-8869-AEB21523BF96}
		{D33111D9-2A77-4BC1-A78D-A043FD0289F5} = {03D21F33-EFA4-466D-9E3A-AD108364ECDC}
		{AA3E5F4C-A004-4B37-B483-02CA2318FE38} = {03D21F33-EFA4-466D-9E3A-AD108364ECDC}
		{F793013B-9D4D-422B-B127-55A8694B8DF2} = {03D21F33-EFA4-466D-9E3A-AD108364ECDC}
	EndGlobalSection
	GlobalSection(ExtensibilityGlobals) = postSolution
		SolutionGuid = {1A2B75D6-453D-419B-92DD-57B0069F48CD}
	EndGlobalSection
EndGlobal
