
Microsoft Visual Studio Solution File, Format Version 12.00
# Visual Studio 15
VisualStudioVersion = 15.0.27130.2024
MinimumVisualStudioVersion = 10.0.40219.1
Project("{2150E333-8FDC-42A3-9474-1A3956D46DE8}") = "DashboardAPI", "DashboardAPI", "{8645C28E-5482-4472-8869-AEB21523BF96}"
EndProject
Project("{FAE04EC0-301F-11D3-BF4B-00C04F79EFBC}") = "WalletAPI", "DashboardAPI\WalletAPI\WalletAPI.csproj", "{5A74EC57-EBDD-478A-BA07-F15BD58237B8}"
EndProject
Project("{FAE04EC0-301F-11D3-BF4B-00C04F79EFBC}") = "MerchantAPI", "DashboardAPI\MerchantAPI\MerchantAPI.csproj", "{5D6F373F-A910-446A-A7D8-8A7A96B348DE}"
EndProject
Project("{FAE04EC0-301F-11D3-BF4B-00C04F79EFBC}") = "ControlPanelAPI", "DashboardAPI\ControlPanelAPI\ControlPanelAPI.csproj", "{AA05C3F4-4429-492A-8A03-08FE70D0E6EB}"
EndProject
Project("{2150E333-8FDC-42A3-9474-1A3956D46DE8}") = "Services", "Services", "{03D21F33-EFA4-466D-9E3A-AD108364ECDC}"
EndProject
Project("{FAE04EC0-301F-11D3-BF4B-00C04F79EFBC}") = "PGS", "Services\PGS\PGS.csproj", "{B5FADED0-E2F0-45F4-98CE-E3DB7FE20E3A}"
EndProject
Project("{FAE04EC0-301F-11D3-BF4B-00C04F79EFBC}") = "DBC", "Services\DBC\DBC.csproj", "{5DB2666C-974A-40CB-B9B1-A5C56D5B73DC}"
EndProject
Project("{FAE04EC0-301F-11D3-BF4B-00C04F79EFBC}") = "NPS", "Services\NPS\NPS.csproj", "{C242AD76-4AF5-4A0D-B958-F28B88E23848}"
EndProject
Global
	GlobalSection(SolutionConfigurationPlatforms) = preSolution
		Debug|Any CPU = Debug|Any CPU
		Release|Any CPU = Release|Any CPU
	EndGlobalSection
	GlobalSection(ProjectConfigurationPlatforms) = postSolution
		{5A74EC57-EBDD-478A-BA07-F15BD58237B8}.Debug|Any CPU.ActiveCfg = Debug|Any CPU
		{5A74EC57-EBDD-478A-BA07-F15BD58237B8}.Debug|Any CPU.Build.0 = Debug|Any CPU
		{5A74EC57-EBDD-478A-BA07-F15BD58237B8}.Release|Any CPU.ActiveCfg = Release|Any CPU
		{5A74EC57-EBDD-478A-BA07-F15BD58237B8}.Release|Any CPU.Build.0 = Release|Any CPU
		{5D6F373F-A910-446A-A7D8-8A7A96B348DE}.Debug|Any CPU.ActiveCfg = Debug|Any CPU
		{5D6F373F-A910-446A-A7D8-8A7A96B348DE}.Debug|Any CPU.Build.0 = Debug|Any CPU
		{5D6F373F-A910-446A-A7D8-8A7A96B348DE}.Release|Any CPU.ActiveCfg = Release|Any CPU
		{5D6F373F-A910-446A-A7D8-8A7A96B348DE}.Release|Any CPU.Build.0 = Release|Any CPU
		{AA05C3F4-4429-492A-8A03-08FE70D0E6EB}.Debug|Any CPU.ActiveCfg = Debug|Any CPU
		{AA05C3F4-4429-492A-8A03-08FE70D0E6EB}.Debug|Any CPU.Build.0 = Debug|Any CPU
		{AA05C3F4-4429-492A-8A03-08FE70D0E6EB}.Release|Any CPU.ActiveCfg = Release|Any CPU
		{AA05C3F4-4429-492A-8A03-08FE70D0E6EB}.Release|Any CPU.Build.0 = Release|Any CPU
		{B5FADED0-E2F0-45F4-98CE-E3DB7FE20E3A}.Debug|Any CPU.ActiveCfg = Debug|Any CPU
		{B5FADED0-E2F0-45F4-98CE-E3DB7FE20E3A}.Debug|Any CPU.Build.0 = Debug|Any CPU
		{B5FADED0-E2F0-45F4-98CE-E3DB7FE20E3A}.Release|Any CPU.ActiveCfg = Release|Any CPU
		{B5FADED0-E2F0-45F4-98CE-E3DB7FE20E3A}.Release|Any CPU.Build.0 = Release|Any CPU
		{5DB2666C-974A-40CB-B9B1-A5C56D5B73DC}.Debug|Any CPU.ActiveCfg = Debug|Any CPU
		{5DB2666C-974A-40CB-B9B1-A5C56D5B73DC}.Debug|Any CPU.Build.0 = Debug|Any CPU
		{5DB2666C-974A-40CB-B9B1-A5C56D5B73DC}.Release|Any CPU.ActiveCfg = Release|Any CPU
		{5DB2666C-974A-40CB-B9B1-A5C56D5B73DC}.Release|Any CPU.Build.0 = Release|Any CPU
		{C242AD76-4AF5-4A0D-B958-F28B88E23848}.Debug|Any CPU.ActiveCfg = Debug|Any CPU
		{C242AD76-4AF5-4A0D-B958-F28B88E23848}.Debug|Any CPU.Build.0 = Debug|Any CPU
		{C242AD76-4AF5-4A0D-B958-F28B88E23848}.Release|Any CPU.ActiveCfg = Release|Any CPU
		{C242AD76-4AF5-4A0D-B958-F28B88E23848}.Release|Any CPU.Build.0 = Release|Any CPU
	EndGlobalSection
	GlobalSection(SolutionProperties) = preSolution
		HideSolutionNode = FALSE
	EndGlobalSection
	GlobalSection(NestedProjects) = preSolution
		{5A74EC57-EBDD-478A-BA07-F15BD58237B8} = {8645C28E-5482-4472-8869-AEB21523BF96}
		{5D6F373F-A910-446A-A7D8-8A7A96B348DE} = {8645C28E-5482-4472-8869-AEB21523BF96}
		{AA05C3F4-4429-492A-8A03-08FE70D0E6EB} = {8645C28E-5482-4472-8869-AEB21523BF96}
		{B5FADED0-E2F0-45F4-98CE-E3DB7FE20E3A} = {03D21F33-EFA4-466D-9E3A-AD108364ECDC}
		{5DB2666C-974A-40CB-B9B1-A5C56D5B73DC} = {03D21F33-EFA4-466D-9E3A-AD108364ECDC}
		{C242AD76-4AF5-4A0D-B958-F28B88E23848} = {03D21F33-EFA4-466D-9E3A-AD108364ECDC}
	EndGlobalSection
	GlobalSection(ExtensibilityGlobals) = postSolution
		SolutionGuid = {1A2B75D6-453D-419B-92DD-57B0069F48CD}
	EndGlobalSection
EndGlobal
