
Microsoft Visual Studio Solution File, Format Version 12.00
# Visual Studio 15
VisualStudioVersion = 15.0.27130.2024
MinimumVisualStudioVersion = 10.0.40219.1
Project("{2150E333-8FDC-42A3-9474-1A3956D46DE8}") = "Src", "Src", "{8A3278FB-8391-4700-BF19-3C56DD0D5562}"
EndProject
Project("{2150E333-8FDC-42A3-9474-1A3956D46DE8}") = "Docs", "Docs", "{9E9577FB-E224-46FB-8428-14E588A672A7}"
EndProject
Project("{2150E333-8FDC-42A3-9474-1A3956D46DE8}") = "Tests", "Tests", "{95828226-90FE-4DBF-A23E-D8A7F60F04B8}"
EndProject
Project("{2150E333-8FDC-42A3-9474-1A3956D46DE8}") = "Apps", "Apps", "{5EB31BC9-A888-4239-B783-DDC366135E09}"
EndProject
Project("{2150E333-8FDC-42A3-9474-1A3956D46DE8}") = "Pgs", "Pgs", "{89112137-56D7-4044-A806-3C72D8962ED5}"
EndProject
Project("{2150E333-8FDC-42A3-9474-1A3956D46DE8}") = "Common", "Common", "{749AD55C-D532-47AA-84AA-76EA9EE7078F}"
EndProject
Project("{2150E333-8FDC-42A3-9474-1A3956D46DE8}") = "Core", "Core", "{F4978FEF-35AC-41EA-B047-7F5817DF582B}"
EndProject
Project("{2150E333-8FDC-42A3-9474-1A3956D46DE8}") = "Infrustructure", "Infrustructure", "{208B2C47-2111-45F2-ABE9-7A96270AA0A5}"
EndProject
Project("{2150E333-8FDC-42A3-9474-1A3956D46DE8}") = "Apps", "Apps", "{162E3053-525C-41DB-9B13-B37A264EB5D2}"
EndProject
Project("{2150E333-8FDC-42A3-9474-1A3956D46DE8}") = "Pgs", "Pgs", "{173A1B97-1599-4CB1-A36F-409FE7C2BE8F}"
EndProject
Project("{2150E333-8FDC-42A3-9474-1A3956D46DE8}") = "Wallet", "Wallet", "{4964D08A-61D3-4FD7-A46A-C81F8DE49F46}"
EndProject
Project("{2150E333-8FDC-42A3-9474-1A3956D46DE8}") = "ControlPanel", "ControlPanel", "{8678791E-E611-4301-A6C8-7A7859DC2CA6}"
EndProject
Project("{2150E333-8FDC-42A3-9474-1A3956D46DE8}") = "Merchant", "Merchant", "{259951B3-FA46-4553-958C-04B5A2CC50F9}"
EndProject
Project("{2150E333-8FDC-42A3-9474-1A3956D46DE8}") = "Core", "Core", "{40A2F5A3-6324-4304-B6F7-7713C4F9A9DE}"
EndProject
Project("{2150E333-8FDC-42A3-9474-1A3956D46DE8}") = "Infrustructure", "Infrustructure", "{2B798147-896D-453A-90C0-FE40B5377333}"
EndProject
Project("{2150E333-8FDC-42A3-9474-1A3956D46DE8}") = "Core", "Core", "{F1EEEB94-531A-4C18-B707-D7DF18348758}"
EndProject
Project("{2150E333-8FDC-42A3-9474-1A3956D46DE8}") = "Infrustructure", "Infrustructure", "{1144283C-D487-4254-9FB9-5698BFE62849}"
EndProject
Project("{2150E333-8FDC-42A3-9474-1A3956D46DE8}") = "Core", "Core", "{BEAEF0D3-1E09-4881-B1DF-A50AE586232A}"
EndProject
Project("{2150E333-8FDC-42A3-9474-1A3956D46DE8}") = "Infrustructure", "Infrustructure", "{EE496640-0942-4E34-A9A8-1C314CFD4B95}"
EndProject
Project("{2150E333-8FDC-42A3-9474-1A3956D46DE8}") = "Presentation", "Presentation", "{C4B18E0C-75FE-44F2-BB1E-07D4DD448008}"
EndProject
Project("{2150E333-8FDC-42A3-9474-1A3956D46DE8}") = "Logic", "Logic", "{31D545AC-045E-4229-812C-5CD9E53373EA}"
EndProject
Project("{9A19103F-16F7-4668-BE54-9A1E7A4F7556}") = "ControlPanel.API", "Src\Apps\Presentation\ControlPanel.API\ControlPanel.API.csproj", "{776BE7FB-1ABF-4E53-A437-5CD903503767}"
EndProject
Project("{9A19103F-16F7-4668-BE54-9A1E7A4F7556}") = "WalletAPI", "Src\Apps\Presentation\Wallet.API\WalletAPI.csproj", "{219FDDCE-E479-40A9-B7A6-CAF3E7FBFBFC}"
EndProject
Project("{9A19103F-16F7-4668-BE54-9A1E7A4F7556}") = "Merchant.API", "Src\Apps\Presentation\Merchant.API\Merchant.API.csproj", "{27659EB8-3355-4A5C-A71A-F7BF829F80AA}"
EndProject
Project("{9A19103F-16F7-4668-BE54-9A1E7A4F7556}") = "WalletApplication", "Src\Apps\Logic\Wallet\Core\Wallet.Application\WalletApplication.csproj", "{FF7445B2-02C3-450D-ACEC-713ED7AFB4C9}"
EndProject
Project("{9A19103F-16F7-4668-BE54-9A1E7A4F7556}") = "WalletDomain", "Src\Apps\Logic\Wallet\Infrustructure\Wallet.Domain\WalletDomain.csproj", "{374C9393-AB64-4047-B085-6D1B870A9096}"
EndProject
Project("{2150E333-8FDC-42A3-9474-1A3956D46DE8}") = "Presentation", "Presentation", "{80B10C23-42A6-4BD9-8130-CCAE81513B4E}"
EndProject
Project("{9A19103F-16F7-4668-BE54-9A1E7A4F7556}") = "WalletPersistence", "Src\Apps\Logic\Wallet\Infrustructure\WalletPersistence\WalletPersistence.csproj", "{14A29031-EE35-496F-843F-7DE5BD2E6862}"
EndProject
Project("{2150E333-8FDC-42A3-9474-1A3956D46DE8}") = "Common", "Common", "{C5D29092-4385-4D49-9EE1-1108810F8D32}"
EndProject
Project("{FAE04EC0-301F-11D3-BF4B-00C04F79EFBC}") = "NPCommon", "Src\Apps\Logic\Common\NPCommon\NPCommon.csproj", "{11D8029B-108D-48EB-BD0C-99660DCF058A}"
EndProject
Project("{FAE04EC0-301F-11D3-BF4B-00C04F79EFBC}") = "WalletInfrustructure", "Src\Apps\Logic\Wallet\Infrustructure\WalletInfrustructure\WalletInfrustructure.csproj", "{CABE4A04-BBFB-40AF-BEEF-159D0105CF2F}"
EndProject
Global
	GlobalSection(SolutionConfigurationPlatforms) = preSolution
		Debug|Any CPU = Debug|Any CPU
		Release|Any CPU = Release|Any CPU
	EndGlobalSection
	GlobalSection(ProjectConfigurationPlatforms) = postSolution
		{776BE7FB-1ABF-4E53-A437-5CD903503767}.Debug|Any CPU.ActiveCfg = Debug|Any CPU
		{776BE7FB-1ABF-4E53-A437-5CD903503767}.Debug|Any CPU.Build.0 = Debug|Any CPU
		{776BE7FB-1ABF-4E53-A437-5CD903503767}.Release|Any CPU.ActiveCfg = Release|Any CPU
		{776BE7FB-1ABF-4E53-A437-5CD903503767}.Release|Any CPU.Build.0 = Release|Any CPU
		{219FDDCE-E479-40A9-B7A6-CAF3E7FBFBFC}.Debug|Any CPU.ActiveCfg = Debug|Any CPU
		{219FDDCE-E479-40A9-B7A6-CAF3E7FBFBFC}.Debug|Any CPU.Build.0 = Debug|Any CPU
		{219FDDCE-E479-40A9-B7A6-CAF3E7FBFBFC}.Release|Any CPU.ActiveCfg = Release|Any CPU
		{219FDDCE-E479-40A9-B7A6-CAF3E7FBFBFC}.Release|Any CPU.Build.0 = Release|Any CPU
		{27659EB8-3355-4A5C-A71A-F7BF829F80AA}.Debug|Any CPU.ActiveCfg = Debug|Any CPU
		{27659EB8-3355-4A5C-A71A-F7BF829F80AA}.Debug|Any CPU.Build.0 = Debug|Any CPU
		{27659EB8-3355-4A5C-A71A-F7BF829F80AA}.Release|Any CPU.ActiveCfg = Release|Any CPU
		{27659EB8-3355-4A5C-A71A-F7BF829F80AA}.Release|Any CPU.Build.0 = Release|Any CPU
		{FF7445B2-02C3-450D-ACEC-713ED7AFB4C9}.Debug|Any CPU.ActiveCfg = Debug|Any CPU
		{FF7445B2-02C3-450D-ACEC-713ED7AFB4C9}.Debug|Any CPU.Build.0 = Debug|Any CPU
		{FF7445B2-02C3-450D-ACEC-713ED7AFB4C9}.Release|Any CPU.ActiveCfg = Release|Any CPU
		{FF7445B2-02C3-450D-ACEC-713ED7AFB4C9}.Release|Any CPU.Build.0 = Release|Any CPU
		{374C9393-AB64-4047-B085-6D1B870A9096}.Debug|Any CPU.ActiveCfg = Debug|Any CPU
		{374C9393-AB64-4047-B085-6D1B870A9096}.Debug|Any CPU.Build.0 = Debug|Any CPU
		{374C9393-AB64-4047-B085-6D1B870A9096}.Release|Any CPU.ActiveCfg = Release|Any CPU
		{374C9393-AB64-4047-B085-6D1B870A9096}.Release|Any CPU.Build.0 = Release|Any CPU
		{14A29031-EE35-496F-843F-7DE5BD2E6862}.Debug|Any CPU.ActiveCfg = Debug|Any CPU
		{14A29031-EE35-496F-843F-7DE5BD2E6862}.Debug|Any CPU.Build.0 = Debug|Any CPU
		{14A29031-EE35-496F-843F-7DE5BD2E6862}.Release|Any CPU.ActiveCfg = Release|Any CPU
		{14A29031-EE35-496F-843F-7DE5BD2E6862}.Release|Any CPU.Build.0 = Release|Any CPU
		{11D8029B-108D-48EB-BD0C-99660DCF058A}.Debug|Any CPU.ActiveCfg = Debug|Any CPU
		{11D8029B-108D-48EB-BD0C-99660DCF058A}.Debug|Any CPU.Build.0 = Debug|Any CPU
		{11D8029B-108D-48EB-BD0C-99660DCF058A}.Release|Any CPU.ActiveCfg = Release|Any CPU
		{11D8029B-108D-48EB-BD0C-99660DCF058A}.Release|Any CPU.Build.0 = Release|Any CPU
		{CABE4A04-BBFB-40AF-BEEF-159D0105CF2F}.Debug|Any CPU.ActiveCfg = Debug|Any CPU
		{CABE4A04-BBFB-40AF-BEEF-159D0105CF2F}.Debug|Any CPU.Build.0 = Debug|Any CPU
		{CABE4A04-BBFB-40AF-BEEF-159D0105CF2F}.Release|Any CPU.ActiveCfg = Release|Any CPU
		{CABE4A04-BBFB-40AF-BEEF-159D0105CF2F}.Release|Any CPU.Build.0 = Release|Any CPU
	EndGlobalSection
	GlobalSection(SolutionProperties) = preSolution
		HideSolutionNode = FALSE
	EndGlobalSection
	GlobalSection(NestedProjects) = preSolution
		{5EB31BC9-A888-4239-B783-DDC366135E09} = {8A3278FB-8391-4700-BF19-3C56DD0D5562}
		{89112137-56D7-4044-A806-3C72D8962ED5} = {8A3278FB-8391-4700-BF19-3C56DD0D5562}
		{749AD55C-D532-47AA-84AA-76EA9EE7078F} = {89112137-56D7-4044-A806-3C72D8962ED5}
		{F4978FEF-35AC-41EA-B047-7F5817DF582B} = {89112137-56D7-4044-A806-3C72D8962ED5}
		{208B2C47-2111-45F2-ABE9-7A96270AA0A5} = {89112137-56D7-4044-A806-3C72D8962ED5}
		{162E3053-525C-41DB-9B13-B37A264EB5D2} = {95828226-90FE-4DBF-A23E-D8A7F60F04B8}
		{173A1B97-1599-4CB1-A36F-409FE7C2BE8F} = {95828226-90FE-4DBF-A23E-D8A7F60F04B8}
		{4964D08A-61D3-4FD7-A46A-C81F8DE49F46} = {31D545AC-045E-4229-812C-5CD9E53373EA}
		{8678791E-E611-4301-A6C8-7A7859DC2CA6} = {31D545AC-045E-4229-812C-5CD9E53373EA}
		{259951B3-FA46-4553-958C-04B5A2CC50F9} = {31D545AC-045E-4229-812C-5CD9E53373EA}
		{40A2F5A3-6324-4304-B6F7-7713C4F9A9DE} = {8678791E-E611-4301-A6C8-7A7859DC2CA6}
		{2B798147-896D-453A-90C0-FE40B5377333} = {8678791E-E611-4301-A6C8-7A7859DC2CA6}
		{F1EEEB94-531A-4C18-B707-D7DF18348758} = {259951B3-FA46-4553-958C-04B5A2CC50F9}
		{1144283C-D487-4254-9FB9-5698BFE62849} = {259951B3-FA46-4553-958C-04B5A2CC50F9}
		{BEAEF0D3-1E09-4881-B1DF-A50AE586232A} = {4964D08A-61D3-4FD7-A46A-C81F8DE49F46}
		{EE496640-0942-4E34-A9A8-1C314CFD4B95} = {4964D08A-61D3-4FD7-A46A-C81F8DE49F46}
		{C4B18E0C-75FE-44F2-BB1E-07D4DD448008} = {5EB31BC9-A888-4239-B783-DDC366135E09}
		{31D545AC-045E-4229-812C-5CD9E53373EA} = {5EB31BC9-A888-4239-B783-DDC366135E09}
		{776BE7FB-1ABF-4E53-A437-5CD903503767} = {C4B18E0C-75FE-44F2-BB1E-07D4DD448008}
		{219FDDCE-E479-40A9-B7A6-CAF3E7FBFBFC} = {C4B18E0C-75FE-44F2-BB1E-07D4DD448008}
		{27659EB8-3355-4A5C-A71A-F7BF829F80AA} = {C4B18E0C-75FE-44F2-BB1E-07D4DD448008}
		{FF7445B2-02C3-450D-ACEC-713ED7AFB4C9} = {BEAEF0D3-1E09-4881-B1DF-A50AE586232A}
		{374C9393-AB64-4047-B085-6D1B870A9096} = {BEAEF0D3-1E09-4881-B1DF-A50AE586232A}
		{80B10C23-42A6-4BD9-8130-CCAE81513B4E} = {8A3278FB-8391-4700-BF19-3C56DD0D5562}
		{14A29031-EE35-496F-843F-7DE5BD2E6862} = {EE496640-0942-4E34-A9A8-1C314CFD4B95}
		{C5D29092-4385-4D49-9EE1-1108810F8D32} = {31D545AC-045E-4229-812C-5CD9E53373EA}
		{11D8029B-108D-48EB-BD0C-99660DCF058A} = {C5D29092-4385-4D49-9EE1-1108810F8D32}
		{CABE4A04-BBFB-40AF-BEEF-159D0105CF2F} = {2B798147-896D-453A-90C0-FE40B5377333}
	EndGlobalSection
	GlobalSection(ExtensibilityGlobals) = postSolution
		SolutionGuid = {1A2B75D6-453D-419B-92DD-57B0069F48CD}
	EndGlobalSection
EndGlobal
